// !$*UTF8*$!
{
	archiveVersion = 1;
	classes = {
	};
	objectVersion = 56;
	objects = {

/* Begin PBXBuildFile section */
		53BB9CFDE3550CA8B7D86A90 /* Pods_ImageMap.framework in Frameworks */ = {isa = PBXBuildFile; fileRef = 1047A7DF900E96C49F9475F0 /* Pods_ImageMap.framework */; };
		8E631A17E3FF04B74B8C5841 /* Pods_ImageMapTests.framework in Frameworks */ = {isa = PBXBuildFile; fileRef = 8DBE6BAD12BAFDCAE3CF3EF6 /* Pods_ImageMapTests.framework */; };
		9609E48C2C6DFB78000B2D18 /* korea.svg in Resources */ = {isa = PBXBuildFile; fileRef = 9609E48B2C6DFB78000B2D18 /* korea.svg */; };
		9609E48E2C6F4133000B2D18 /* ProvinceManager.swift in Sources */ = {isa = PBXBuildFile; fileRef = 9609E48D2C6F4133000B2D18 /* ProvinceManager.swift */; };
		9609E4902C6F675E000B2D18 /* ProvinceViewController.swift in Sources */ = {isa = PBXBuildFile; fileRef = 9609E48F2C6F675E000B2D18 /* ProvinceViewController.swift */; };
		9609E4922C6F6768000B2D18 /* Province.storyboard in Resources */ = {isa = PBXBuildFile; fileRef = 9609E4912C6F6768000B2D18 /* Province.storyboard */; };
		9609E4942C6F684E000B2D18 /* UIViewController+Ext.swift in Sources */ = {isa = PBXBuildFile; fileRef = 9609E4932C6F684E000B2D18 /* UIViewController+Ext.swift */; };
		9615367C2C70ACA000563983 /* hongik.jpg in Resources */ = {isa = PBXBuildFile; fileRef = 9615367B2C70ACA000563983 /* hongik.jpg */; };
		9615367E2C70E76A00563983 /* rocket.jpeg in Resources */ = {isa = PBXBuildFile; fileRef = 9615367D2C70E76A00563983 /* rocket.jpeg */; };
		961715FE2C651C9A007383FE /* AppDelegate.swift in Sources */ = {isa = PBXBuildFile; fileRef = 961715FD2C651C9A007383FE /* AppDelegate.swift */; };
		961716072C651C9B007383FE /* Assets.xcassets in Resources */ = {isa = PBXBuildFile; fileRef = 961716062C651C9B007383FE /* Assets.xcassets */; };
		9617160A2C651C9B007383FE /* Base in Resources */ = {isa = PBXBuildFile; fileRef = 961716092C651C9B007383FE /* Base */; };
		961716152C651C9B007383FE /* ImageMapTests.swift in Sources */ = {isa = PBXBuildFile; fileRef = 961716142C651C9B007383FE /* ImageMapTests.swift */; };
		9617161F2C651C9B007383FE /* ImageMapUITests.swift in Sources */ = {isa = PBXBuildFile; fileRef = 9617161E2C651C9B007383FE /* ImageMapUITests.swift */; };
		961716212C651C9B007383FE /* ImageMapUITestsLaunchTests.swift in Sources */ = {isa = PBXBuildFile; fileRef = 961716202C651C9B007383FE /* ImageMapUITestsLaunchTests.swift */; };
		961716302C65E377007383FE /* Main.storyboard in Resources */ = {isa = PBXBuildFile; fileRef = 9617162F2C65E377007383FE /* Main.storyboard */; };
		961716322C65E388007383FE /* MainViewController.swift in Sources */ = {isa = PBXBuildFile; fileRef = 961716312C65E388007383FE /* MainViewController.swift */; };
		965C1CFF2C8D434F00355DDF /* ProvinceImageModel.swift in Sources */ = {isa = PBXBuildFile; fileRef = 965C1CFE2C8D434F00355DDF /* ProvinceImageModel.swift */; };
		965C1D812C9453BD00355DDF /* UIImage+Ext.swift in Sources */ = {isa = PBXBuildFile; fileRef = 965C1D802C9453BD00355DDF /* UIImage+Ext.swift */; };
		96B979D22C65EB670089FF45 /* ProvinceModel.swift in Sources */ = {isa = PBXBuildFile; fileRef = 96B979D12C65EB670089FF45 /* ProvinceModel.swift */; };
		96B979D82C6613BC0089FF45 /* seoul.jpg in Resources */ = {isa = PBXBuildFile; fileRef = 96B979D72C6613BC0089FF45 /* seoul.jpg */; };
		96B979DC2C6742580089FF45 /* MapView.swift in Sources */ = {isa = PBXBuildFile; fileRef = 96B979DB2C6742580089FF45 /* MapView.swift */; };
		DCC808D741B4E16280135BC0 /* Pods_ImageMap_ImageMapUITests.framework in Frameworks */ = {isa = PBXBuildFile; fileRef = 4614B10D3085BC74BDCB651D /* Pods_ImageMap_ImageMapUITests.framework */; };
/* End PBXBuildFile section */

/* Begin PBXContainerItemProxy section */
		961716112C651C9B007383FE /* PBXContainerItemProxy */ = {
			isa = PBXContainerItemProxy;
			containerPortal = 961715F22C651C9A007383FE /* Project object */;
			proxyType = 1;
			remoteGlobalIDString = 961715F92C651C9A007383FE;
			remoteInfo = ImageMap;
		};
		9617161B2C651C9B007383FE /* PBXContainerItemProxy */ = {
			isa = PBXContainerItemProxy;
			containerPortal = 961715F22C651C9A007383FE /* Project object */;
			proxyType = 1;
			remoteGlobalIDString = 961715F92C651C9A007383FE;
			remoteInfo = ImageMap;
		};
/* End PBXContainerItemProxy section */

/* Begin PBXFileReference section */
		0EE1FC004B9FB9AA7FF47CCB /* Pods-ImageMap-ImageMapUITests.release.xcconfig */ = {isa = PBXFileReference; includeInIndex = 1; lastKnownFileType = text.xcconfig; name = "Pods-ImageMap-ImageMapUITests.release.xcconfig"; path = "Target Support Files/Pods-ImageMap-ImageMapUITests/Pods-ImageMap-ImageMapUITests.release.xcconfig"; sourceTree = "<group>"; };
		1047A7DF900E96C49F9475F0 /* Pods_ImageMap.framework */ = {isa = PBXFileReference; explicitFileType = wrapper.framework; includeInIndex = 0; path = Pods_ImageMap.framework; sourceTree = BUILT_PRODUCTS_DIR; };
		4614B10D3085BC74BDCB651D /* Pods_ImageMap_ImageMapUITests.framework */ = {isa = PBXFileReference; explicitFileType = wrapper.framework; includeInIndex = 0; path = Pods_ImageMap_ImageMapUITests.framework; sourceTree = BUILT_PRODUCTS_DIR; };
		8DBE6BAD12BAFDCAE3CF3EF6 /* Pods_ImageMapTests.framework */ = {isa = PBXFileReference; explicitFileType = wrapper.framework; includeInIndex = 0; path = Pods_ImageMapTests.framework; sourceTree = BUILT_PRODUCTS_DIR; };
		9609E48B2C6DFB78000B2D18 /* korea.svg */ = {isa = PBXFileReference; fileEncoding = 4; lastKnownFileType = text.xml; path = korea.svg; sourceTree = "<group>"; };
		9609E48D2C6F4133000B2D18 /* ProvinceManager.swift */ = {isa = PBXFileReference; lastKnownFileType = sourcecode.swift; path = ProvinceManager.swift; sourceTree = "<group>"; };
		9609E48F2C6F675E000B2D18 /* ProvinceViewController.swift */ = {isa = PBXFileReference; lastKnownFileType = sourcecode.swift; path = ProvinceViewController.swift; sourceTree = "<group>"; };
		9609E4912C6F6768000B2D18 /* Province.storyboard */ = {isa = PBXFileReference; lastKnownFileType = file.storyboard; path = Province.storyboard; sourceTree = "<group>"; };
		9609E4932C6F684E000B2D18 /* UIViewController+Ext.swift */ = {isa = PBXFileReference; fileEncoding = 4; lastKnownFileType = sourcecode.swift; path = "UIViewController+Ext.swift"; sourceTree = "<group>"; };
		9615367B2C70ACA000563983 /* hongik.jpg */ = {isa = PBXFileReference; lastKnownFileType = image.jpeg; path = hongik.jpg; sourceTree = "<group>"; };
		9615367D2C70E76A00563983 /* rocket.jpeg */ = {isa = PBXFileReference; lastKnownFileType = image.jpeg; path = rocket.jpeg; sourceTree = "<group>"; };
		961715FA2C651C9A007383FE /* ImageMap.app */ = {isa = PBXFileReference; explicitFileType = wrapper.application; includeInIndex = 0; path = ImageMap.app; sourceTree = BUILT_PRODUCTS_DIR; };
		961715FD2C651C9A007383FE /* AppDelegate.swift */ = {isa = PBXFileReference; lastKnownFileType = sourcecode.swift; path = AppDelegate.swift; sourceTree = "<group>"; };
		961716062C651C9B007383FE /* Assets.xcassets */ = {isa = PBXFileReference; lastKnownFileType = folder.assetcatalog; path = Assets.xcassets; sourceTree = "<group>"; };
		961716092C651C9B007383FE /* Base */ = {isa = PBXFileReference; lastKnownFileType = file.storyboard; name = Base; path = Base.lproj/LaunchScreen.storyboard; sourceTree = "<group>"; };
		9617160B2C651C9B007383FE /* Info.plist */ = {isa = PBXFileReference; lastKnownFileType = text.plist.xml; path = Info.plist; sourceTree = "<group>"; };
		961716102C651C9B007383FE /* ImageMapTests.xctest */ = {isa = PBXFileReference; explicitFileType = wrapper.cfbundle; includeInIndex = 0; path = ImageMapTests.xctest; sourceTree = BUILT_PRODUCTS_DIR; };
		961716142C651C9B007383FE /* ImageMapTests.swift */ = {isa = PBXFileReference; lastKnownFileType = sourcecode.swift; path = ImageMapTests.swift; sourceTree = "<group>"; };
		9617161A2C651C9B007383FE /* ImageMapUITests.xctest */ = {isa = PBXFileReference; explicitFileType = wrapper.cfbundle; includeInIndex = 0; path = ImageMapUITests.xctest; sourceTree = BUILT_PRODUCTS_DIR; };
		9617161E2C651C9B007383FE /* ImageMapUITests.swift */ = {isa = PBXFileReference; lastKnownFileType = sourcecode.swift; path = ImageMapUITests.swift; sourceTree = "<group>"; };
		961716202C651C9B007383FE /* ImageMapUITestsLaunchTests.swift */ = {isa = PBXFileReference; lastKnownFileType = sourcecode.swift; path = ImageMapUITestsLaunchTests.swift; sourceTree = "<group>"; };
		9617162F2C65E377007383FE /* Main.storyboard */ = {isa = PBXFileReference; lastKnownFileType = file.storyboard; path = Main.storyboard; sourceTree = "<group>"; };
		961716312C65E388007383FE /* MainViewController.swift */ = {isa = PBXFileReference; lastKnownFileType = sourcecode.swift; path = MainViewController.swift; sourceTree = "<group>"; };
		965C1CFE2C8D434F00355DDF /* ProvinceImageModel.swift */ = {isa = PBXFileReference; lastKnownFileType = sourcecode.swift; path = ProvinceImageModel.swift; sourceTree = "<group>"; };
		965C1D802C9453BD00355DDF /* UIImage+Ext.swift */ = {isa = PBXFileReference; lastKnownFileType = sourcecode.swift; path = "UIImage+Ext.swift"; sourceTree = "<group>"; };
		96B979D12C65EB670089FF45 /* ProvinceModel.swift */ = {isa = PBXFileReference; fileEncoding = 4; lastKnownFileType = sourcecode.swift; path = ProvinceModel.swift; sourceTree = "<group>"; };
		96B979D72C6613BC0089FF45 /* seoul.jpg */ = {isa = PBXFileReference; lastKnownFileType = image.jpeg; path = seoul.jpg; sourceTree = "<group>"; };
		96B979DB2C6742580089FF45 /* MapView.swift */ = {isa = PBXFileReference; lastKnownFileType = sourcecode.swift; path = MapView.swift; sourceTree = "<group>"; };
		9DD3DA96E55A0E661B34EC98 /* Pods-ImageMap.debug.xcconfig */ = {isa = PBXFileReference; includeInIndex = 1; lastKnownFileType = text.xcconfig; name = "Pods-ImageMap.debug.xcconfig"; path = "Target Support Files/Pods-ImageMap/Pods-ImageMap.debug.xcconfig"; sourceTree = "<group>"; };
		AF58CCE07BF6E111D3356C81 /* Pods-ImageMapTests.debug.xcconfig */ = {isa = PBXFileReference; includeInIndex = 1; lastKnownFileType = text.xcconfig; name = "Pods-ImageMapTests.debug.xcconfig"; path = "Target Support Files/Pods-ImageMapTests/Pods-ImageMapTests.debug.xcconfig"; sourceTree = "<group>"; };
		C131F2E866C3EF39431379F5 /* Pods-ImageMapTests.release.xcconfig */ = {isa = PBXFileReference; includeInIndex = 1; lastKnownFileType = text.xcconfig; name = "Pods-ImageMapTests.release.xcconfig"; path = "Target Support Files/Pods-ImageMapTests/Pods-ImageMapTests.release.xcconfig"; sourceTree = "<group>"; };
		DA4D4FA149C861C429A84FAB /* Pods-ImageMap.release.xcconfig */ = {isa = PBXFileReference; includeInIndex = 1; lastKnownFileType = text.xcconfig; name = "Pods-ImageMap.release.xcconfig"; path = "Target Support Files/Pods-ImageMap/Pods-ImageMap.release.xcconfig"; sourceTree = "<group>"; };
		EED61B3070F16A30D10BC9D4 /* Pods-ImageMap-ImageMapUITests.debug.xcconfig */ = {isa = PBXFileReference; includeInIndex = 1; lastKnownFileType = text.xcconfig; name = "Pods-ImageMap-ImageMapUITests.debug.xcconfig"; path = "Target Support Files/Pods-ImageMap-ImageMapUITests/Pods-ImageMap-ImageMapUITests.debug.xcconfig"; sourceTree = "<group>"; };
/* End PBXFileReference section */

/* Begin PBXFrameworksBuildPhase section */
		961715F72C651C9A007383FE /* Frameworks */ = {
			isa = PBXFrameworksBuildPhase;
			buildActionMask = 2147483647;
			files = (
				53BB9CFDE3550CA8B7D86A90 /* Pods_ImageMap.framework in Frameworks */,
			);
			runOnlyForDeploymentPostprocessing = 0;
		};
		9617160D2C651C9B007383FE /* Frameworks */ = {
			isa = PBXFrameworksBuildPhase;
			buildActionMask = 2147483647;
			files = (
				8E631A17E3FF04B74B8C5841 /* Pods_ImageMapTests.framework in Frameworks */,
			);
			runOnlyForDeploymentPostprocessing = 0;
		};
		961716172C651C9B007383FE /* Frameworks */ = {
			isa = PBXFrameworksBuildPhase;
			buildActionMask = 2147483647;
			files = (
				DCC808D741B4E16280135BC0 /* Pods_ImageMap_ImageMapUITests.framework in Frameworks */,
			);
			runOnlyForDeploymentPostprocessing = 0;
		};
/* End PBXFrameworksBuildPhase section */

/* Begin PBXGroup section */
		5C4E768A5D657D461B282235 /* Frameworks */ = {
			isa = PBXGroup;
			children = (
				1047A7DF900E96C49F9475F0 /* Pods_ImageMap.framework */,
				4614B10D3085BC74BDCB651D /* Pods_ImageMap_ImageMapUITests.framework */,
				8DBE6BAD12BAFDCAE3CF3EF6 /* Pods_ImageMapTests.framework */,
			);
			name = Frameworks;
			sourceTree = "<group>";
		};
		961715F12C651C9A007383FE = {
			isa = PBXGroup;
			children = (
				961715FC2C651C9A007383FE /* ImageMap */,
				961716132C651C9B007383FE /* ImageMapTests */,
				9617161D2C651C9B007383FE /* ImageMapUITests */,
				961715FB2C651C9A007383FE /* Products */,
				B018BA5BC993506E31179480 /* Pods */,
				5C4E768A5D657D461B282235 /* Frameworks */,
			);
			sourceTree = "<group>";
		};
		961715FB2C651C9A007383FE /* Products */ = {
			isa = PBXGroup;
			children = (
				961715FA2C651C9A007383FE /* ImageMap.app */,
				961716102C651C9B007383FE /* ImageMapTests.xctest */,
				9617161A2C651C9B007383FE /* ImageMapUITests.xctest */,
			);
			name = Products;
			sourceTree = "<group>";
		};
		961715FC2C651C9A007383FE /* ImageMap */ = {
			isa = PBXGroup;
			children = (
				9609E4932C6F684E000B2D18 /* UIViewController+Ext.swift */,
				96B979D12C65EB670089FF45 /* ProvinceModel.swift */,
				9615367D2C70E76A00563983 /* rocket.jpeg */,
				9609E48D2C6F4133000B2D18 /* ProvinceManager.swift */,
				961715FD2C651C9A007383FE /* AppDelegate.swift */,
				961716062C651C9B007383FE /* Assets.xcassets */,
				961716082C651C9B007383FE /* LaunchScreen.storyboard */,
				9617160B2C651C9B007383FE /* Info.plist */,
				9615367B2C70ACA000563983 /* hongik.jpg */,
				9609E48B2C6DFB78000B2D18 /* korea.svg */,
				96B979D72C6613BC0089FF45 /* seoul.jpg */,
				961716312C65E388007383FE /* MainViewController.swift */,
				9617162F2C65E377007383FE /* Main.storyboard */,
				96B979DB2C6742580089FF45 /* MapView.swift */,
				9609E48F2C6F675E000B2D18 /* ProvinceViewController.swift */,
				9609E4912C6F6768000B2D18 /* Province.storyboard */,
				965C1CFE2C8D434F00355DDF /* ProvinceImageModel.swift */,
				965C1D802C9453BD00355DDF /* UIImage+Ext.swift */,
			);
			path = ImageMap;
			sourceTree = "<group>";
		};
		961716132C651C9B007383FE /* ImageMapTests */ = {
			isa = PBXGroup;
			children = (
				961716142C651C9B007383FE /* ImageMapTests.swift */,
			);
			path = ImageMapTests;
			sourceTree = "<group>";
		};
		9617161D2C651C9B007383FE /* ImageMapUITests */ = {
			isa = PBXGroup;
			children = (
				9617161E2C651C9B007383FE /* ImageMapUITests.swift */,
				961716202C651C9B007383FE /* ImageMapUITestsLaunchTests.swift */,
			);
			path = ImageMapUITests;
			sourceTree = "<group>";
		};
		B018BA5BC993506E31179480 /* Pods */ = {
			isa = PBXGroup;
			children = (
				9DD3DA96E55A0E661B34EC98 /* Pods-ImageMap.debug.xcconfig */,
				DA4D4FA149C861C429A84FAB /* Pods-ImageMap.release.xcconfig */,
				EED61B3070F16A30D10BC9D4 /* Pods-ImageMap-ImageMapUITests.debug.xcconfig */,
				0EE1FC004B9FB9AA7FF47CCB /* Pods-ImageMap-ImageMapUITests.release.xcconfig */,
				AF58CCE07BF6E111D3356C81 /* Pods-ImageMapTests.debug.xcconfig */,
				C131F2E866C3EF39431379F5 /* Pods-ImageMapTests.release.xcconfig */,
			);
			path = Pods;
			sourceTree = "<group>";
		};
/* End PBXGroup section */

/* Begin PBXNativeTarget section */
		961715F92C651C9A007383FE /* ImageMap */ = {
			isa = PBXNativeTarget;
			buildConfigurationList = 961716242C651C9B007383FE /* Build configuration list for PBXNativeTarget "ImageMap" */;
			buildPhases = (
				9FC633C44DDD0F2A0E88BD66 /* [CP] Check Pods Manifest.lock */,
				961715F62C651C9A007383FE /* Sources */,
				961715F72C651C9A007383FE /* Frameworks */,
				961715F82C651C9A007383FE /* Resources */,
				B42665407F94542667DAD1C4 /* [CP] Embed Pods Frameworks */,
			);
			buildRules = (
			);
			dependencies = (
			);
			name = ImageMap;
			productName = ImageMap;
			productReference = 961715FA2C651C9A007383FE /* ImageMap.app */;
			productType = "com.apple.product-type.application";
		};
		9617160F2C651C9B007383FE /* ImageMapTests */ = {
			isa = PBXNativeTarget;
			buildConfigurationList = 961716272C651C9B007383FE /* Build configuration list for PBXNativeTarget "ImageMapTests" */;
			buildPhases = (
				0C402CA3E636C77D80172732 /* [CP] Check Pods Manifest.lock */,
				9617160C2C651C9B007383FE /* Sources */,
				9617160D2C651C9B007383FE /* Frameworks */,
				9617160E2C651C9B007383FE /* Resources */,
			);
			buildRules = (
			);
			dependencies = (
				961716122C651C9B007383FE /* PBXTargetDependency */,
			);
			name = ImageMapTests;
			productName = ImageMapTests;
			productReference = 961716102C651C9B007383FE /* ImageMapTests.xctest */;
			productType = "com.apple.product-type.bundle.unit-test";
		};
		961716192C651C9B007383FE /* ImageMapUITests */ = {
			isa = PBXNativeTarget;
			buildConfigurationList = 9617162A2C651C9B007383FE /* Build configuration list for PBXNativeTarget "ImageMapUITests" */;
			buildPhases = (
				1AF24D620970B3B79306D0D8 /* [CP] Check Pods Manifest.lock */,
				961716162C651C9B007383FE /* Sources */,
				961716172C651C9B007383FE /* Frameworks */,
				961716182C651C9B007383FE /* Resources */,
				A779E1D86189F1575EDD1395 /* [CP] Embed Pods Frameworks */,
			);
			buildRules = (
			);
			dependencies = (
				9617161C2C651C9B007383FE /* PBXTargetDependency */,
			);
			name = ImageMapUITests;
			productName = ImageMapUITests;
			productReference = 9617161A2C651C9B007383FE /* ImageMapUITests.xctest */;
			productType = "com.apple.product-type.bundle.ui-testing";
		};
/* End PBXNativeTarget section */

/* Begin PBXProject section */
		961715F22C651C9A007383FE /* Project object */ = {
			isa = PBXProject;
			attributes = {
				BuildIndependentTargetsInParallel = 1;
				LastSwiftUpdateCheck = 1540;
				LastUpgradeCheck = 1540;
				TargetAttributes = {
					961715F92C651C9A007383FE = {
						CreatedOnToolsVersion = 15.4;
					};
					9617160F2C651C9B007383FE = {
						CreatedOnToolsVersion = 15.4;
						TestTargetID = 961715F92C651C9A007383FE;
					};
					961716192C651C9B007383FE = {
						CreatedOnToolsVersion = 15.4;
						TestTargetID = 961715F92C651C9A007383FE;
					};
				};
			};
			buildConfigurationList = 961715F52C651C9A007383FE /* Build configuration list for PBXProject "ImageMap" */;
			compatibilityVersion = "Xcode 14.0";
			developmentRegion = en;
			hasScannedForEncodings = 0;
			knownRegions = (
				en,
				Base,
			);
			mainGroup = 961715F12C651C9A007383FE;
			productRefGroup = 961715FB2C651C9A007383FE /* Products */;
			projectDirPath = "";
			projectRoot = "";
			targets = (
				961715F92C651C9A007383FE /* ImageMap */,
				9617160F2C651C9B007383FE /* ImageMapTests */,
				961716192C651C9B007383FE /* ImageMapUITests */,
			);
		};
/* End PBXProject section */

/* Begin PBXResourcesBuildPhase section */
		961715F82C651C9A007383FE /* Resources */ = {
			isa = PBXResourcesBuildPhase;
			buildActionMask = 2147483647;
			files = (
				961716072C651C9B007383FE /* Assets.xcassets in Resources */,
				9615367C2C70ACA000563983 /* hongik.jpg in Resources */,
				9617160A2C651C9B007383FE /* Base in Resources */,
				9615367E2C70E76A00563983 /* rocket.jpeg in Resources */,
				961716302C65E377007383FE /* Main.storyboard in Resources */,
				96B979D82C6613BC0089FF45 /* seoul.jpg in Resources */,
				9609E48C2C6DFB78000B2D18 /* korea.svg in Resources */,
				9609E4922C6F6768000B2D18 /* Province.storyboard in Resources */,
			);
			runOnlyForDeploymentPostprocessing = 0;
		};
		9617160E2C651C9B007383FE /* Resources */ = {
			isa = PBXResourcesBuildPhase;
			buildActionMask = 2147483647;
			files = (
			);
			runOnlyForDeploymentPostprocessing = 0;
		};
		961716182C651C9B007383FE /* Resources */ = {
			isa = PBXResourcesBuildPhase;
			buildActionMask = 2147483647;
			files = (
			);
			runOnlyForDeploymentPostprocessing = 0;
		};
/* End PBXResourcesBuildPhase section */

/* Begin PBXShellScriptBuildPhase section */
		0C402CA3E636C77D80172732 /* [CP] Check Pods Manifest.lock */ = {
			isa = PBXShellScriptBuildPhase;
			buildActionMask = 2147483647;
			files = (
			);
			inputFileListPaths = (
			);
			inputPaths = (
				"${PODS_PODFILE_DIR_PATH}/Podfile.lock",
				"${PODS_ROOT}/Manifest.lock",
			);
			name = "[CP] Check Pods Manifest.lock";
			outputFileListPaths = (
			);
			outputPaths = (
				"$(DERIVED_FILE_DIR)/Pods-ImageMapTests-checkManifestLockResult.txt",
			);
			runOnlyForDeploymentPostprocessing = 0;
			shellPath = /bin/sh;
			shellScript = "diff \"${PODS_PODFILE_DIR_PATH}/Podfile.lock\" \"${PODS_ROOT}/Manifest.lock\" > /dev/null\nif [ $? != 0 ] ; then\n    # print error to STDERR\n    echo \"error: The sandbox is not in sync with the Podfile.lock. Run 'pod install' or update your CocoaPods installation.\" >&2\n    exit 1\nfi\n# This output is used by Xcode 'outputs' to avoid re-running this script phase.\necho \"SUCCESS\" > \"${SCRIPT_OUTPUT_FILE_0}\"\n";
			showEnvVarsInLog = 0;
		};
		1AF24D620970B3B79306D0D8 /* [CP] Check Pods Manifest.lock */ = {
			isa = PBXShellScriptBuildPhase;
			buildActionMask = 2147483647;
			files = (
			);
			inputFileListPaths = (
			);
			inputPaths = (
				"${PODS_PODFILE_DIR_PATH}/Podfile.lock",
				"${PODS_ROOT}/Manifest.lock",
			);
			name = "[CP] Check Pods Manifest.lock";
			outputFileListPaths = (
			);
			outputPaths = (
				"$(DERIVED_FILE_DIR)/Pods-ImageMap-ImageMapUITests-checkManifestLockResult.txt",
			);
			runOnlyForDeploymentPostprocessing = 0;
			shellPath = /bin/sh;
			shellScript = "diff \"${PODS_PODFILE_DIR_PATH}/Podfile.lock\" \"${PODS_ROOT}/Manifest.lock\" > /dev/null\nif [ $? != 0 ] ; then\n    # print error to STDERR\n    echo \"error: The sandbox is not in sync with the Podfile.lock. Run 'pod install' or update your CocoaPods installation.\" >&2\n    exit 1\nfi\n# This output is used by Xcode 'outputs' to avoid re-running this script phase.\necho \"SUCCESS\" > \"${SCRIPT_OUTPUT_FILE_0}\"\n";
			showEnvVarsInLog = 0;
		};
		9FC633C44DDD0F2A0E88BD66 /* [CP] Check Pods Manifest.lock */ = {
			isa = PBXShellScriptBuildPhase;
			buildActionMask = 2147483647;
			files = (
			);
			inputFileListPaths = (
			);
			inputPaths = (
				"${PODS_PODFILE_DIR_PATH}/Podfile.lock",
				"${PODS_ROOT}/Manifest.lock",
			);
			name = "[CP] Check Pods Manifest.lock";
			outputFileListPaths = (
			);
			outputPaths = (
				"$(DERIVED_FILE_DIR)/Pods-ImageMap-checkManifestLockResult.txt",
			);
			runOnlyForDeploymentPostprocessing = 0;
			shellPath = /bin/sh;
			shellScript = "diff \"${PODS_PODFILE_DIR_PATH}/Podfile.lock\" \"${PODS_ROOT}/Manifest.lock\" > /dev/null\nif [ $? != 0 ] ; then\n    # print error to STDERR\n    echo \"error: The sandbox is not in sync with the Podfile.lock. Run 'pod install' or update your CocoaPods installation.\" >&2\n    exit 1\nfi\n# This output is used by Xcode 'outputs' to avoid re-running this script phase.\necho \"SUCCESS\" > \"${SCRIPT_OUTPUT_FILE_0}\"\n";
			showEnvVarsInLog = 0;
		};
		A779E1D86189F1575EDD1395 /* [CP] Embed Pods Frameworks */ = {
			isa = PBXShellScriptBuildPhase;
			buildActionMask = 2147483647;
			files = (
			);
			inputFileListPaths = (
				"${PODS_ROOT}/Target Support Files/Pods-ImageMap-ImageMapUITests/Pods-ImageMap-ImageMapUITests-frameworks-${CONFIGURATION}-input-files.xcfilelist",
			);
			name = "[CP] Embed Pods Frameworks";
			outputFileListPaths = (
				"${PODS_ROOT}/Target Support Files/Pods-ImageMap-ImageMapUITests/Pods-ImageMap-ImageMapUITests-frameworks-${CONFIGURATION}-output-files.xcfilelist",
			);
			runOnlyForDeploymentPostprocessing = 0;
			shellPath = /bin/sh;
			shellScript = "\"${PODS_ROOT}/Target Support Files/Pods-ImageMap-ImageMapUITests/Pods-ImageMap-ImageMapUITests-frameworks.sh\"\n";
			showEnvVarsInLog = 0;
		};
		B42665407F94542667DAD1C4 /* [CP] Embed Pods Frameworks */ = {
			isa = PBXShellScriptBuildPhase;
			buildActionMask = 2147483647;
			files = (
			);
			inputFileListPaths = (
				"${PODS_ROOT}/Target Support Files/Pods-ImageMap/Pods-ImageMap-frameworks-${CONFIGURATION}-input-files.xcfilelist",
			);
			name = "[CP] Embed Pods Frameworks";
			outputFileListPaths = (
				"${PODS_ROOT}/Target Support Files/Pods-ImageMap/Pods-ImageMap-frameworks-${CONFIGURATION}-output-files.xcfilelist",
			);
			runOnlyForDeploymentPostprocessing = 0;
			shellPath = /bin/sh;
			shellScript = "\"${PODS_ROOT}/Target Support Files/Pods-ImageMap/Pods-ImageMap-frameworks.sh\"\n";
			showEnvVarsInLog = 0;
		};
/* End PBXShellScriptBuildPhase section */

/* Begin PBXSourcesBuildPhase section */
		961715F62C651C9A007383FE /* Sources */ = {
			isa = PBXSourcesBuildPhase;
			buildActionMask = 2147483647;
			files = (
				96B979D22C65EB670089FF45 /* ProvinceModel.swift in Sources */,
				96B979DC2C6742580089FF45 /* MapView.swift in Sources */,
				9609E4942C6F684E000B2D18 /* UIViewController+Ext.swift in Sources */,
				9609E48E2C6F4133000B2D18 /* ProvinceManager.swift in Sources */,
				961715FE2C651C9A007383FE /* AppDelegate.swift in Sources */,
				965C1CFF2C8D434F00355DDF /* ProvinceImageModel.swift in Sources */,
				965C1D812C9453BD00355DDF /* UIImage+Ext.swift in Sources */,
				9609E4902C6F675E000B2D18 /* ProvinceViewController.swift in Sources */,
				961716322C65E388007383FE /* MainViewController.swift in Sources */,
			);
			runOnlyForDeploymentPostprocessing = 0;
		};
		9617160C2C651C9B007383FE /* Sources */ = {
			isa = PBXSourcesBuildPhase;
			buildActionMask = 2147483647;
			files = (
				961716152C651C9B007383FE /* ImageMapTests.swift in Sources */,
			);
			runOnlyForDeploymentPostprocessing = 0;
		};
		961716162C651C9B007383FE /* Sources */ = {
			isa = PBXSourcesBuildPhase;
			buildActionMask = 2147483647;
			files = (
				961716212C651C9B007383FE /* ImageMapUITestsLaunchTests.swift in Sources */,
				9617161F2C651C9B007383FE /* ImageMapUITests.swift in Sources */,
			);
			runOnlyForDeploymentPostprocessing = 0;
		};
/* End PBXSourcesBuildPhase section */

/* Begin PBXTargetDependency section */
		961716122C651C9B007383FE /* PBXTargetDependency */ = {
			isa = PBXTargetDependency;
			target = 961715F92C651C9A007383FE /* ImageMap */;
			targetProxy = 961716112C651C9B007383FE /* PBXContainerItemProxy */;
		};
		9617161C2C651C9B007383FE /* PBXTargetDependency */ = {
			isa = PBXTargetDependency;
			target = 961715F92C651C9A007383FE /* ImageMap */;
			targetProxy = 9617161B2C651C9B007383FE /* PBXContainerItemProxy */;
		};
/* End PBXTargetDependency section */

/* Begin PBXVariantGroup section */
		961716082C651C9B007383FE /* LaunchScreen.storyboard */ = {
			isa = PBXVariantGroup;
			children = (
				961716092C651C9B007383FE /* Base */,
			);
			name = LaunchScreen.storyboard;
			sourceTree = "<group>";
		};
/* End PBXVariantGroup section */

/* Begin XCBuildConfiguration section */
		961716222C651C9B007383FE /* Debug */ = {
			isa = XCBuildConfiguration;
			buildSettings = {
				ALWAYS_SEARCH_USER_PATHS = NO;
				ASSETCATALOG_COMPILER_GENERATE_SWIFT_ASSET_SYMBOL_EXTENSIONS = YES;
				CLANG_ANALYZER_NONNULL = YES;
				CLANG_ANALYZER_NUMBER_OBJECT_CONVERSION = YES_AGGRESSIVE;
				CLANG_CXX_LANGUAGE_STANDARD = "gnu++20";
				CLANG_ENABLE_MODULES = YES;
				CLANG_ENABLE_OBJC_ARC = YES;
				CLANG_ENABLE_OBJC_WEAK = YES;
				CLANG_WARN_BLOCK_CAPTURE_AUTORELEASING = YES;
				CLANG_WARN_BOOL_CONVERSION = YES;
				CLANG_WARN_COMMA = YES;
				CLANG_WARN_CONSTANT_CONVERSION = YES;
				CLANG_WARN_DEPRECATED_OBJC_IMPLEMENTATIONS = YES;
				CLANG_WARN_DIRECT_OBJC_ISA_USAGE = YES_ERROR;
				CLANG_WARN_DOCUMENTATION_COMMENTS = YES;
				CLANG_WARN_EMPTY_BODY = YES;
				CLANG_WARN_ENUM_CONVERSION = YES;
				CLANG_WARN_INFINITE_RECURSION = YES;
				CLANG_WARN_INT_CONVERSION = YES;
				CLANG_WARN_NON_LITERAL_NULL_CONVERSION = YES;
				CLANG_WARN_OBJC_IMPLICIT_RETAIN_SELF = YES;
				CLANG_WARN_OBJC_LITERAL_CONVERSION = YES;
				CLANG_WARN_OBJC_ROOT_CLASS = YES_ERROR;
				CLANG_WARN_QUOTED_INCLUDE_IN_FRAMEWORK_HEADER = YES;
				CLANG_WARN_RANGE_LOOP_ANALYSIS = YES;
				CLANG_WARN_STRICT_PROTOTYPES = YES;
				CLANG_WARN_SUSPICIOUS_MOVE = YES;
				CLANG_WARN_UNGUARDED_AVAILABILITY = YES_AGGRESSIVE;
				CLANG_WARN_UNREACHABLE_CODE = YES;
				CLANG_WARN__DUPLICATE_METHOD_MATCH = YES;
				COPY_PHASE_STRIP = NO;
				DEBUG_INFORMATION_FORMAT = dwarf;
				ENABLE_STRICT_OBJC_MSGSEND = YES;
				ENABLE_TESTABILITY = YES;
				ENABLE_USER_SCRIPT_SANDBOXING = NO;
				GCC_C_LANGUAGE_STANDARD = gnu17;
				GCC_DYNAMIC_NO_PIC = NO;
				GCC_NO_COMMON_BLOCKS = YES;
				GCC_OPTIMIZATION_LEVEL = 0;
				GCC_PREPROCESSOR_DEFINITIONS = (
					"DEBUG=1",
					"$(inherited)",
				);
				GCC_WARN_64_TO_32_BIT_CONVERSION = YES;
				GCC_WARN_ABOUT_RETURN_TYPE = YES_ERROR;
				GCC_WARN_UNDECLARED_SELECTOR = YES;
				GCC_WARN_UNINITIALIZED_AUTOS = YES_AGGRESSIVE;
				GCC_WARN_UNUSED_FUNCTION = YES;
				GCC_WARN_UNUSED_VARIABLE = YES;
				IPHONEOS_DEPLOYMENT_TARGET = 17.5;
				LOCALIZATION_PREFERS_STRING_CATALOGS = YES;
				MTL_ENABLE_DEBUG_INFO = INCLUDE_SOURCE;
				MTL_FAST_MATH = YES;
				ONLY_ACTIVE_ARCH = YES;
				SDKROOT = iphoneos;
				SWIFT_ACTIVE_COMPILATION_CONDITIONS = "DEBUG $(inherited)";
				SWIFT_OPTIMIZATION_LEVEL = "-Onone";
			};
			name = Debug;
		};
		961716232C651C9B007383FE /* Release */ = {
			isa = XCBuildConfiguration;
			buildSettings = {
				ALWAYS_SEARCH_USER_PATHS = NO;
				ASSETCATALOG_COMPILER_GENERATE_SWIFT_ASSET_SYMBOL_EXTENSIONS = YES;
				CLANG_ANALYZER_NONNULL = YES;
				CLANG_ANALYZER_NUMBER_OBJECT_CONVERSION = YES_AGGRESSIVE;
				CLANG_CXX_LANGUAGE_STANDARD = "gnu++20";
				CLANG_ENABLE_MODULES = YES;
				CLANG_ENABLE_OBJC_ARC = YES;
				CLANG_ENABLE_OBJC_WEAK = YES;
				CLANG_WARN_BLOCK_CAPTURE_AUTORELEASING = YES;
				CLANG_WARN_BOOL_CONVERSION = YES;
				CLANG_WARN_COMMA = YES;
				CLANG_WARN_CONSTANT_CONVERSION = YES;
				CLANG_WARN_DEPRECATED_OBJC_IMPLEMENTATIONS = YES;
				CLANG_WARN_DIRECT_OBJC_ISA_USAGE = YES_ERROR;
				CLANG_WARN_DOCUMENTATION_COMMENTS = YES;
				CLANG_WARN_EMPTY_BODY = YES;
				CLANG_WARN_ENUM_CONVERSION = YES;
				CLANG_WARN_INFINITE_RECURSION = YES;
				CLANG_WARN_INT_CONVERSION = YES;
				CLANG_WARN_NON_LITERAL_NULL_CONVERSION = YES;
				CLANG_WARN_OBJC_IMPLICIT_RETAIN_SELF = YES;
				CLANG_WARN_OBJC_LITERAL_CONVERSION = YES;
				CLANG_WARN_OBJC_ROOT_CLASS = YES_ERROR;
				CLANG_WARN_QUOTED_INCLUDE_IN_FRAMEWORK_HEADER = YES;
				CLANG_WARN_RANGE_LOOP_ANALYSIS = YES;
				CLANG_WARN_STRICT_PROTOTYPES = YES;
				CLANG_WARN_SUSPICIOUS_MOVE = YES;
				CLANG_WARN_UNGUARDED_AVAILABILITY = YES_AGGRESSIVE;
				CLANG_WARN_UNREACHABLE_CODE = YES;
				CLANG_WARN__DUPLICATE_METHOD_MATCH = YES;
				COPY_PHASE_STRIP = NO;
				DEBUG_INFORMATION_FORMAT = "dwarf-with-dsym";
				ENABLE_NS_ASSERTIONS = NO;
				ENABLE_STRICT_OBJC_MSGSEND = YES;
				ENABLE_USER_SCRIPT_SANDBOXING = NO;
				GCC_C_LANGUAGE_STANDARD = gnu17;
				GCC_NO_COMMON_BLOCKS = YES;
				GCC_WARN_64_TO_32_BIT_CONVERSION = YES;
				GCC_WARN_ABOUT_RETURN_TYPE = YES_ERROR;
				GCC_WARN_UNDECLARED_SELECTOR = YES;
				GCC_WARN_UNINITIALIZED_AUTOS = YES_AGGRESSIVE;
				GCC_WARN_UNUSED_FUNCTION = YES;
				GCC_WARN_UNUSED_VARIABLE = YES;
				IPHONEOS_DEPLOYMENT_TARGET = 17.5;
				LOCALIZATION_PREFERS_STRING_CATALOGS = YES;
				MTL_ENABLE_DEBUG_INFO = NO;
				MTL_FAST_MATH = YES;
				SDKROOT = iphoneos;
				SWIFT_COMPILATION_MODE = wholemodule;
				VALIDATE_PRODUCT = YES;
			};
			name = Release;
		};
		961716252C651C9B007383FE /* Debug */ = {
			isa = XCBuildConfiguration;
			baseConfigurationReference = 9DD3DA96E55A0E661B34EC98 /* Pods-ImageMap.debug.xcconfig */;
			buildSettings = {
				ASSETCATALOG_COMPILER_APPICON_NAME = AppIcon;
				ASSETCATALOG_COMPILER_GLOBAL_ACCENT_COLOR_NAME = AccentColor;
				CODE_SIGN_STYLE = Automatic;
				CURRENT_PROJECT_VERSION = 1;
				DEVELOPMENT_TEAM = JU27F4BHH8;
				GENERATE_INFOPLIST_FILE = YES;
				INFOPLIST_FILE = ImageMap/Info.plist;
				INFOPLIST_KEY_UIApplicationSupportsIndirectInputEvents = YES;
				INFOPLIST_KEY_UILaunchStoryboardName = LaunchScreen;
				INFOPLIST_KEY_UISupportedInterfaceOrientations_iPad = "UIInterfaceOrientationPortrait UIInterfaceOrientationPortraitUpsideDown UIInterfaceOrientationLandscapeLeft UIInterfaceOrientationLandscapeRight";
				INFOPLIST_KEY_UISupportedInterfaceOrientations_iPhone = "UIInterfaceOrientationPortrait UIInterfaceOrientationLandscapeLeft UIInterfaceOrientationLandscapeRight";
				LD_RUNPATH_SEARCH_PATHS = (
					"$(inherited)",
					"@executable_path/Frameworks",
				);
				MARKETING_VERSION = 1.0;
				PRODUCT_BUNDLE_IDENTIFIER = com.constant.ImageMap;
				PRODUCT_NAME = "$(TARGET_NAME)";
				SWIFT_EMIT_LOC_STRINGS = YES;
				SWIFT_VERSION = 5.0;
				TARGETED_DEVICE_FAMILY = "1,2";
			};
			name = Debug;
		};
		961716262C651C9B007383FE /* Release */ = {
			isa = XCBuildConfiguration;
			baseConfigurationReference = DA4D4FA149C861C429A84FAB /* Pods-ImageMap.release.xcconfig */;
			buildSettings = {
				ASSETCATALOG_COMPILER_APPICON_NAME = AppIcon;
				ASSETCATALOG_COMPILER_GLOBAL_ACCENT_COLOR_NAME = AccentColor;
				CODE_SIGN_STYLE = Automatic;
				CURRENT_PROJECT_VERSION = 1;
				DEVELOPMENT_TEAM = JU27F4BHH8;
				GENERATE_INFOPLIST_FILE = YES;
				INFOPLIST_FILE = ImageMap/Info.plist;
				INFOPLIST_KEY_UIApplicationSupportsIndirectInputEvents = YES;
				INFOPLIST_KEY_UILaunchStoryboardName = LaunchScreen;
				INFOPLIST_KEY_UISupportedInterfaceOrientations_iPad = "UIInterfaceOrientationPortrait UIInterfaceOrientationPortraitUpsideDown UIInterfaceOrientationLandscapeLeft UIInterfaceOrientationLandscapeRight";
				INFOPLIST_KEY_UISupportedInterfaceOrientations_iPhone = "UIInterfaceOrientationPortrait UIInterfaceOrientationLandscapeLeft UIInterfaceOrientationLandscapeRight";
				LD_RUNPATH_SEARCH_PATHS = (
					"$(inherited)",
					"@executable_path/Frameworks",
				);
				MARKETING_VERSION = 1.0;
				PRODUCT_BUNDLE_IDENTIFIER = com.constant.ImageMap;
				PRODUCT_NAME = "$(TARGET_NAME)";
				SWIFT_EMIT_LOC_STRINGS = YES;
				SWIFT_VERSION = 5.0;
				TARGETED_DEVICE_FAMILY = "1,2";
			};
			name = Release;
		};
		961716282C651C9B007383FE /* Debug */ = {
			isa = XCBuildConfiguration;
			baseConfigurationReference = AF58CCE07BF6E111D3356C81 /* Pods-ImageMapTests.debug.xcconfig */;
			buildSettings = {
				ALWAYS_EMBED_SWIFT_STANDARD_LIBRARIES = YES;
				BUNDLE_LOADER = "$(TEST_HOST)";
				CODE_SIGN_STYLE = Automatic;
				CURRENT_PROJECT_VERSION = 1;
				DEVELOPMENT_TEAM = 6G4QV27Y5P;
				GENERATE_INFOPLIST_FILE = YES;
				IPHONEOS_DEPLOYMENT_TARGET = 17.5;
				MARKETING_VERSION = 1.0;
				PRODUCT_BUNDLE_IDENTIFIER = com.constant.ImageMapTests;
				PRODUCT_NAME = "$(TARGET_NAME)";
				SWIFT_EMIT_LOC_STRINGS = NO;
				SWIFT_VERSION = 5.0;
				TARGETED_DEVICE_FAMILY = "1,2";
				TEST_HOST = "$(BUILT_PRODUCTS_DIR)/ImageMap.app/$(BUNDLE_EXECUTABLE_FOLDER_PATH)/ImageMap";
			};
			name = Debug;
		};
		961716292C651C9B007383FE /* Release */ = {
			isa = XCBuildConfiguration;
			baseConfigurationReference = C131F2E866C3EF39431379F5 /* Pods-ImageMapTests.release.xcconfig */;
			buildSettings = {
				ALWAYS_EMBED_SWIFT_STANDARD_LIBRARIES = YES;
				BUNDLE_LOADER = "$(TEST_HOST)";
				CODE_SIGN_STYLE = Automatic;
				CURRENT_PROJECT_VERSION = 1;
				DEVELOPMENT_TEAM = 6G4QV27Y5P;
				GENERATE_INFOPLIST_FILE = YES;
				IPHONEOS_DEPLOYMENT_TARGET = 17.5;
				MARKETING_VERSION = 1.0;
				PRODUCT_BUNDLE_IDENTIFIER = com.constant.ImageMapTests;
				PRODUCT_NAME = "$(TARGET_NAME)";
				SWIFT_EMIT_LOC_STRINGS = NO;
				SWIFT_VERSION = 5.0;
				TARGETED_DEVICE_FAMILY = "1,2";
				TEST_HOST = "$(BUILT_PRODUCTS_DIR)/ImageMap.app/$(BUNDLE_EXECUTABLE_FOLDER_PATH)/ImageMap";
			};
			name = Release;
		};
		9617162B2C651C9B007383FE /* Debug */ = {
			isa = XCBuildConfiguration;
			baseConfigurationReference = EED61B3070F16A30D10BC9D4 /* Pods-ImageMap-ImageMapUITests.debug.xcconfig */;
			buildSettings = {
				ALWAYS_EMBED_SWIFT_STANDARD_LIBRARIES = YES;
				CODE_SIGN_STYLE = Automatic;
				CURRENT_PROJECT_VERSION = 1;
				DEVELOPMENT_TEAM = 6G4QV27Y5P;
				GENERATE_INFOPLIST_FILE = YES;
				MARKETING_VERSION = 1.0;
				PRODUCT_BUNDLE_IDENTIFIER = com.constant.ImageMapUITests;
				PRODUCT_NAME = "$(TARGET_NAME)";
				SWIFT_EMIT_LOC_STRINGS = NO;
				SWIFT_VERSION = 5.0;
				TARGETED_DEVICE_FAMILY = "1,2";
				TEST_TARGET_NAME = ImageMap;
			};
			name = Debug;
		};
		9617162C2C651C9B007383FE /* Release */ = {
			isa = XCBuildConfiguration;
			baseConfigurationReference = 0EE1FC004B9FB9AA7FF47CCB /* Pods-ImageMap-ImageMapUITests.release.xcconfig */;
			buildSettings = {
				ALWAYS_EMBED_SWIFT_STANDARD_LIBRARIES = YES;
				CODE_SIGN_STYLE = Automatic;
				CURRENT_PROJECT_VERSION = 1;
				DEVELOPMENT_TEAM = 6G4QV27Y5P;
				GENERATE_INFOPLIST_FILE = YES;
				MARKETING_VERSION = 1.0;
				PRODUCT_BUNDLE_IDENTIFIER = com.constant.ImageMapUITests;
				PRODUCT_NAME = "$(TARGET_NAME)";
				SWIFT_EMIT_LOC_STRINGS = NO;
				SWIFT_VERSION = 5.0;
				TARGETED_DEVICE_FAMILY = "1,2";
				TEST_TARGET_NAME = ImageMap;
			};
			name = Release;
		};
/* End XCBuildConfiguration section */

/* Begin XCConfigurationList section */
		961715F52C651C9A007383FE /* Build configuration list for PBXProject "ImageMap" */ = {
			isa = XCConfigurationList;
			buildConfigurations = (
				961716222C651C9B007383FE /* Debug */,
				961716232C651C9B007383FE /* Release */,
			);
			defaultConfigurationIsVisible = 0;
			defaultConfigurationName = Release;
		};
		961716242C651C9B007383FE /* Build configuration list for PBXNativeTarget "ImageMap" */ = {
			isa = XCConfigurationList;
			buildConfigurations = (
				961716252C651C9B007383FE /* Debug */,
				961716262C651C9B007383FE /* Release */,
			);
			defaultConfigurationIsVisible = 0;
			defaultConfigurationName = Release;
		};
		961716272C651C9B007383FE /* Build configuration list for PBXNativeTarget "ImageMapTests" */ = {
			isa = XCConfigurationList;
			buildConfigurations = (
				961716282C651C9B007383FE /* Debug */,
				961716292C651C9B007383FE /* Release */,
			);
			defaultConfigurationIsVisible = 0;
			defaultConfigurationName = Release;
		};
		9617162A2C651C9B007383FE /* Build configuration list for PBXNativeTarget "ImageMapUITests" */ = {
			isa = XCConfigurationList;
			buildConfigurations = (
				9617162B2C651C9B007383FE /* Debug */,
				9617162C2C651C9B007383FE /* Release */,
			);
			defaultConfigurationIsVisible = 0;
			defaultConfigurationName = Release;
		};
/* End XCConfigurationList section */
	};
	rootObject = 961715F22C651C9A007383FE /* Project object */;
}
